
Microsoft Visual Studio Solution File, Format Version 12.00
# Visual Studio Version 17
VisualStudioVersion = 17.2.32616.157
MinimumVisualStudioVersion = 10.0.40219.1
Project("{FAE04EC0-301F-11D3-BF4B-00C04F79EFBC}") = "ReserveParkingSpaceApp", "ReserveParkingSpaceApp\ReserveParkingSpaceApp.csproj", "{23668682-5832-4415-9F32-A96E974425F3}"
EndProject
Global
	GlobalSection(SolutionConfigurationPlatforms) = preSolution
		Debug|Any CPU = Debug|Any CPU
		Release|Any CPU = Release|Any CPU
	EndGlobalSection
	GlobalSection(ProjectConfigurationPlatforms) = postSolution
		{23668682-5832-4415-9F32-A96E974425F3}.Debug|Any CPU.ActiveCfg = Debug|Any CPU
		{23668682-5832-4415-9F32-A96E974425F3}.Debug|Any CPU.Build.0 = Debug|Any CPU
		{23668682-5832-4415-9F32-A96E974425F3}.Release|Any CPU.ActiveCfg = Release|Any CPU
		{23668682-5832-4415-9F32-A96E974425F3}.Release|Any CPU.Build.0 = Release|Any CPU
	EndGlobalSection
	GlobalSection(SolutionProperties) = preSolution
		HideSolutionNode = FALSE
	EndGlobalSection
	GlobalSection(ExtensibilityGlobals) = postSolution
		SolutionGuid = {17F3065E-618A-436F-A92E-4E877C9B5872}
	EndGlobalSection
EndGlobal
